// !$*UTF8*$!
{
	archiveVersion = 1;
	classes = {
	};
	objectVersion = 51;
	objects = {

/* Begin PBXBuildFile section */
		0838E4FB60CD0E3583A406D9 /* Pods_Flix_FlixUITests.framework in Frameworks */ = {isa = PBXBuildFile; fileRef = 7A3177D386455E3F9723D5C2 /* Pods_Flix_FlixUITests.framework */; };
		2FCC12E424A3B766005F6194 /* AppDelegate.m in Sources */ = {isa = PBXBuildFile; fileRef = 2FCC12E324A3B766005F6194 /* AppDelegate.m */; };
		2FCC12E724A3B766005F6194 /* SceneDelegate.m in Sources */ = {isa = PBXBuildFile; fileRef = 2FCC12E624A3B766005F6194 /* SceneDelegate.m */; };
		2FCC12ED24A3B766005F6194 /* Main.storyboard in Resources */ = {isa = PBXBuildFile; fileRef = 2FCC12EB24A3B766005F6194 /* Main.storyboard */; };
		2FCC12EF24A3B767005F6194 /* Assets.xcassets in Resources */ = {isa = PBXBuildFile; fileRef = 2FCC12EE24A3B767005F6194 /* Assets.xcassets */; };
		2FCC12F224A3B767005F6194 /* LaunchScreen.storyboard in Resources */ = {isa = PBXBuildFile; fileRef = 2FCC12F024A3B767005F6194 /* LaunchScreen.storyboard */; };
		2FCC12F524A3B767005F6194 /* main.m in Sources */ = {isa = PBXBuildFile; fileRef = 2FCC12F424A3B767005F6194 /* main.m */; };
		2FCC12FF24A3B767005F6194 /* FlixTests.m in Sources */ = {isa = PBXBuildFile; fileRef = 2FCC12FE24A3B767005F6194 /* FlixTests.m */; };
		2FCC130A24A3B767005F6194 /* FlixUITests.m in Sources */ = {isa = PBXBuildFile; fileRef = 2FCC130924A3B767005F6194 /* FlixUITests.m */; };
		2FCC131924A3C070005F6194 /* MoviesViewController.m in Sources */ = {isa = PBXBuildFile; fileRef = 2FCC131824A3C070005F6194 /* MoviesViewController.m */; };
		2FCC131F24A3EA03005F6194 /* MovieCell.m in Sources */ = {isa = PBXBuildFile; fileRef = 2FCC131E24A3EA03005F6194 /* MovieCell.m */; };
		2FCC132224A3FAE4005F6194 /* DetailsViewController.m in Sources */ = {isa = PBXBuildFile; fileRef = 2FCC132124A3FAE4005F6194 /* DetailsViewController.m */; };
		2FCC137124A539CD005F6194 /* MoviesGridViewController.m in Sources */ = {isa = PBXBuildFile; fileRef = 2FCC137024A539CD005F6194 /* MoviesGridViewController.m */; };
		2FCC137424A53C2B005F6194 /* MovieCollectionViewCell.m in Sources */ = {isa = PBXBuildFile; fileRef = 2FCC137324A53C2B005F6194 /* MovieCollectionViewCell.m */; };
		829BED0BDA1096CE42EF4087 /* Pods_Flix.framework in Frameworks */ = {isa = PBXBuildFile; fileRef = 3CABE2DD6FB0F3D4C3C221F7 /* Pods_Flix.framework */; };
		CF9E94862DB45F6549723880 /* Pods_FlixTests.framework in Frameworks */ = {isa = PBXBuildFile; fileRef = 3AB55C93555E9DD44788AEFD /* Pods_FlixTests.framework */; };
/* End PBXBuildFile section */

/* Begin PBXContainerItemProxy section */
		2FCC12FB24A3B767005F6194 /* PBXContainerItemProxy */ = {
			isa = PBXContainerItemProxy;
			containerPortal = 2FCC12D724A3B766005F6194 /* Project object */;
			proxyType = 1;
			remoteGlobalIDString = 2FCC12DE24A3B766005F6194;
			remoteInfo = Flix;
		};
		2FCC130624A3B767005F6194 /* PBXContainerItemProxy */ = {
			isa = PBXContainerItemProxy;
			containerPortal = 2FCC12D724A3B766005F6194 /* Project object */;
			proxyType = 1;
			remoteGlobalIDString = 2FCC12DE24A3B766005F6194;
			remoteInfo = Flix;
		};
/* End PBXContainerItemProxy section */

/* Begin PBXFileReference section */
		2FCC12DF24A3B766005F6194 /* Flix.app */ = {isa = PBXFileReference; explicitFileType = wrapper.application; includeInIndex = 0; path = Flix.app; sourceTree = BUILT_PRODUCTS_DIR; };
		2FCC12E224A3B766005F6194 /* AppDelegate.h */ = {isa = PBXFileReference; lastKnownFileType = sourcecode.c.h; path = AppDelegate.h; sourceTree = "<group>"; };
		2FCC12E324A3B766005F6194 /* AppDelegate.m */ = {isa = PBXFileReference; lastKnownFileType = sourcecode.c.objc; path = AppDelegate.m; sourceTree = "<group>"; };
		2FCC12E524A3B766005F6194 /* SceneDelegate.h */ = {isa = PBXFileReference; lastKnownFileType = sourcecode.c.h; path = SceneDelegate.h; sourceTree = "<group>"; };
		2FCC12E624A3B766005F6194 /* SceneDelegate.m */ = {isa = PBXFileReference; lastKnownFileType = sourcecode.c.objc; path = SceneDelegate.m; sourceTree = "<group>"; };
		2FCC12EC24A3B766005F6194 /* Base */ = {isa = PBXFileReference; lastKnownFileType = file.storyboard; name = Base; path = Base.lproj/Main.storyboard; sourceTree = "<group>"; };
		2FCC12EE24A3B767005F6194 /* Assets.xcassets */ = {isa = PBXFileReference; lastKnownFileType = folder.assetcatalog; path = Assets.xcassets; sourceTree = "<group>"; };
		2FCC12F124A3B767005F6194 /* Base */ = {isa = PBXFileReference; lastKnownFileType = file.storyboard; name = Base; path = Base.lproj/LaunchScreen.storyboard; sourceTree = "<group>"; };
		2FCC12F324A3B767005F6194 /* Info.plist */ = {isa = PBXFileReference; lastKnownFileType = text.plist.xml; path = Info.plist; sourceTree = "<group>"; };
		2FCC12F424A3B767005F6194 /* main.m */ = {isa = PBXFileReference; lastKnownFileType = sourcecode.c.objc; path = main.m; sourceTree = "<group>"; };
		2FCC12FA24A3B767005F6194 /* FlixTests.xctest */ = {isa = PBXFileReference; explicitFileType = wrapper.cfbundle; includeInIndex = 0; path = FlixTests.xctest; sourceTree = BUILT_PRODUCTS_DIR; };
		2FCC12FE24A3B767005F6194 /* FlixTests.m */ = {isa = PBXFileReference; lastKnownFileType = sourcecode.c.objc; path = FlixTests.m; sourceTree = "<group>"; };
		2FCC130024A3B767005F6194 /* Info.plist */ = {isa = PBXFileReference; lastKnownFileType = text.plist.xml; path = Info.plist; sourceTree = "<group>"; };
		2FCC130524A3B767005F6194 /* FlixUITests.xctest */ = {isa = PBXFileReference; explicitFileType = wrapper.cfbundle; includeInIndex = 0; path = FlixUITests.xctest; sourceTree = BUILT_PRODUCTS_DIR; };
		2FCC130924A3B767005F6194 /* FlixUITests.m */ = {isa = PBXFileReference; lastKnownFileType = sourcecode.c.objc; path = FlixUITests.m; sourceTree = "<group>"; };
		2FCC130B24A3B767005F6194 /* Info.plist */ = {isa = PBXFileReference; lastKnownFileType = text.plist.xml; path = Info.plist; sourceTree = "<group>"; };
		2FCC131724A3C070005F6194 /* MoviesViewController.h */ = {isa = PBXFileReference; lastKnownFileType = sourcecode.c.h; path = MoviesViewController.h; sourceTree = "<group>"; };
		2FCC131824A3C070005F6194 /* MoviesViewController.m */ = {isa = PBXFileReference; lastKnownFileType = sourcecode.c.objc; path = MoviesViewController.m; sourceTree = "<group>"; };
		2FCC131D24A3EA03005F6194 /* MovieCell.h */ = {isa = PBXFileReference; lastKnownFileType = sourcecode.c.h; path = MovieCell.h; sourceTree = "<group>"; };
		2FCC131E24A3EA03005F6194 /* MovieCell.m */ = {isa = PBXFileReference; lastKnownFileType = sourcecode.c.objc; path = MovieCell.m; sourceTree = "<group>"; };
		2FCC132024A3FAE4005F6194 /* DetailsViewController.h */ = {isa = PBXFileReference; lastKnownFileType = sourcecode.c.h; path = DetailsViewController.h; sourceTree = "<group>"; };
		2FCC132124A3FAE4005F6194 /* DetailsViewController.m */ = {isa = PBXFileReference; lastKnownFileType = sourcecode.c.objc; path = DetailsViewController.m; sourceTree = "<group>"; };
		2FCC136F24A539CD005F6194 /* MoviesGridViewController.h */ = {isa = PBXFileReference; lastKnownFileType = sourcecode.c.h; path = MoviesGridViewController.h; sourceTree = "<group>"; };
		2FCC137024A539CD005F6194 /* MoviesGridViewController.m */ = {isa = PBXFileReference; lastKnownFileType = sourcecode.c.objc; path = MoviesGridViewController.m; sourceTree = "<group>"; };
		2FCC137224A53C2B005F6194 /* MovieCollectionViewCell.h */ = {isa = PBXFileReference; lastKnownFileType = sourcecode.c.h; path = MovieCollectionViewCell.h; sourceTree = "<group>"; };
		2FCC137324A53C2B005F6194 /* MovieCollectionViewCell.m */ = {isa = PBXFileReference; lastKnownFileType = sourcecode.c.objc; path = MovieCollectionViewCell.m; sourceTree = "<group>"; };
		34C98AA47DA6975AB08E5048 /* Pods-Flix-FlixUITests.debug.xcconfig */ = {isa = PBXFileReference; includeInIndex = 1; lastKnownFileType = text.xcconfig; name = "Pods-Flix-FlixUITests.debug.xcconfig"; path = "Target Support Files/Pods-Flix-FlixUITests/Pods-Flix-FlixUITests.debug.xcconfig"; sourceTree = "<group>"; };
		3AB55C93555E9DD44788AEFD /* Pods_FlixTests.framework */ = {isa = PBXFileReference; explicitFileType = wrapper.framework; includeInIndex = 0; path = Pods_FlixTests.framework; sourceTree = BUILT_PRODUCTS_DIR; };
		3CABE2DD6FB0F3D4C3C221F7 /* Pods_Flix.framework */ = {isa = PBXFileReference; explicitFileType = wrapper.framework; includeInIndex = 0; path = Pods_Flix.framework; sourceTree = BUILT_PRODUCTS_DIR; };
		45CF7AEA08C38BBAFA594BFC /* Pods-Flix-FlixUITests.release.xcconfig */ = {isa = PBXFileReference; includeInIndex = 1; lastKnownFileType = text.xcconfig; name = "Pods-Flix-FlixUITests.release.xcconfig"; path = "Target Support Files/Pods-Flix-FlixUITests/Pods-Flix-FlixUITests.release.xcconfig"; sourceTree = "<group>"; };
		463333891201DC84328512C9 /* Pods-Flix.release.xcconfig */ = {isa = PBXFileReference; includeInIndex = 1; lastKnownFileType = text.xcconfig; name = "Pods-Flix.release.xcconfig"; path = "Target Support Files/Pods-Flix/Pods-Flix.release.xcconfig"; sourceTree = "<group>"; };
		4EB41ADC0D09A0889AC4EE8E /* Pods-FlixTests.debug.xcconfig */ = {isa = PBXFileReference; includeInIndex = 1; lastKnownFileType = text.xcconfig; name = "Pods-FlixTests.debug.xcconfig"; path = "Target Support Files/Pods-FlixTests/Pods-FlixTests.debug.xcconfig"; sourceTree = "<group>"; };
		57712B1D6FB6C91918F34FF8 /* Pods-Flix.debug.xcconfig */ = {isa = PBXFileReference; includeInIndex = 1; lastKnownFileType = text.xcconfig; name = "Pods-Flix.debug.xcconfig"; path = "Target Support Files/Pods-Flix/Pods-Flix.debug.xcconfig"; sourceTree = "<group>"; };
		7A3177D386455E3F9723D5C2 /* Pods_Flix_FlixUITests.framework */ = {isa = PBXFileReference; explicitFileType = wrapper.framework; includeInIndex = 0; path = Pods_Flix_FlixUITests.framework; sourceTree = BUILT_PRODUCTS_DIR; };
		F81BF9310BFFE1A7355A0A16 /* Pods-FlixTests.release.xcconfig */ = {isa = PBXFileReference; includeInIndex = 1; lastKnownFileType = text.xcconfig; name = "Pods-FlixTests.release.xcconfig"; path = "Target Support Files/Pods-FlixTests/Pods-FlixTests.release.xcconfig"; sourceTree = "<group>"; };
/* End PBXFileReference section */

/* Begin PBXFrameworksBuildPhase section */
		2FCC12DC24A3B766005F6194 /* Frameworks */ = {
			isa = PBXFrameworksBuildPhase;
			buildActionMask = 2147483647;
			files = (
				829BED0BDA1096CE42EF4087 /* Pods_Flix.framework in Frameworks */,
			);
			runOnlyForDeploymentPostprocessing = 0;
		};
		2FCC12F724A3B767005F6194 /* Frameworks */ = {
			isa = PBXFrameworksBuildPhase;
			buildActionMask = 2147483647;
			files = (
				CF9E94862DB45F6549723880 /* Pods_FlixTests.framework in Frameworks */,
			);
			runOnlyForDeploymentPostprocessing = 0;
		};
		2FCC130224A3B767005F6194 /* Frameworks */ = {
			isa = PBXFrameworksBuildPhase;
			buildActionMask = 2147483647;
			files = (
				0838E4FB60CD0E3583A406D9 /* Pods_Flix_FlixUITests.framework in Frameworks */,
			);
			runOnlyForDeploymentPostprocessing = 0;
		};
/* End PBXFrameworksBuildPhase section */

/* Begin PBXGroup section */
		2FCC12D624A3B766005F6194 = {
			isa = PBXGroup;
			children = (
				2FCC12E124A3B766005F6194 /* Flix */,
				2FCC12FD24A3B767005F6194 /* FlixTests */,
				2FCC130824A3B767005F6194 /* FlixUITests */,
				2FCC12E024A3B766005F6194 /* Products */,
				CF9A39F1CDACD82D385F27A6 /* Pods */,
				605EB311ECECF9669AC03091 /* Frameworks */,
			);
			sourceTree = "<group>";
		};
		2FCC12E024A3B766005F6194 /* Products */ = {
			isa = PBXGroup;
			children = (
				2FCC12DF24A3B766005F6194 /* Flix.app */,
				2FCC12FA24A3B767005F6194 /* FlixTests.xctest */,
				2FCC130524A3B767005F6194 /* FlixUITests.xctest */,
			);
			name = Products;
			sourceTree = "<group>";
		};
		2FCC12E124A3B766005F6194 /* Flix */ = {
			isa = PBXGroup;
			children = (
				2FCC131C24A3C141005F6194 /* Models */,
				2FCC131B24A3C137005F6194 /* Views */,
				2FCC131A24A3C12D005F6194 /* View Controller */,
				2FCC12E224A3B766005F6194 /* AppDelegate.h */,
				2FCC12E324A3B766005F6194 /* AppDelegate.m */,
				2FCC12E524A3B766005F6194 /* SceneDelegate.h */,
				2FCC12E624A3B766005F6194 /* SceneDelegate.m */,
				2FCC12EB24A3B766005F6194 /* Main.storyboard */,
				2FCC12EE24A3B767005F6194 /* Assets.xcassets */,
				2FCC12F024A3B767005F6194 /* LaunchScreen.storyboard */,
				2FCC12F324A3B767005F6194 /* Info.plist */,
				2FCC12F424A3B767005F6194 /* main.m */,
			);
			path = Flix;
			sourceTree = "<group>";
		};
		2FCC12FD24A3B767005F6194 /* FlixTests */ = {
			isa = PBXGroup;
			children = (
				2FCC12FE24A3B767005F6194 /* FlixTests.m */,
				2FCC130024A3B767005F6194 /* Info.plist */,
			);
			path = FlixTests;
			sourceTree = "<group>";
		};
		2FCC130824A3B767005F6194 /* FlixUITests */ = {
			isa = PBXGroup;
			children = (
				2FCC130924A3B767005F6194 /* FlixUITests.m */,
				2FCC130B24A3B767005F6194 /* Info.plist */,
			);
			path = FlixUITests;
			sourceTree = "<group>";
		};
		2FCC131A24A3C12D005F6194 /* View Controller */ = {
			isa = PBXGroup;
			children = (
				2FCC131724A3C070005F6194 /* MoviesViewController.h */,
				2FCC131824A3C070005F6194 /* MoviesViewController.m */,
				2FCC132024A3FAE4005F6194 /* DetailsViewController.h */,
				2FCC132124A3FAE4005F6194 /* DetailsViewController.m */,
				2FCC136F24A539CD005F6194 /* MoviesGridViewController.h */,
				2FCC137024A539CD005F6194 /* MoviesGridViewController.m */,
			);
			path = "View Controller";
			sourceTree = "<group>";
		};
		2FCC131B24A3C137005F6194 /* Views */ = {
			isa = PBXGroup;
			children = (
				2FCC131D24A3EA03005F6194 /* MovieCell.h */,
				2FCC131E24A3EA03005F6194 /* MovieCell.m */,
				2FCC137224A53C2B005F6194 /* MovieCollectionViewCell.h */,
				2FCC137324A53C2B005F6194 /* MovieCollectionViewCell.m */,
			);
			path = Views;
			sourceTree = "<group>";
		};
		2FCC131C24A3C141005F6194 /* Models */ = {
			isa = PBXGroup;
			children = (
			);
			path = Models;
			sourceTree = "<group>";
		};
		605EB311ECECF9669AC03091 /* Frameworks */ = {
			isa = PBXGroup;
			children = (
				3CABE2DD6FB0F3D4C3C221F7 /* Pods_Flix.framework */,
				7A3177D386455E3F9723D5C2 /* Pods_Flix_FlixUITests.framework */,
				3AB55C93555E9DD44788AEFD /* Pods_FlixTests.framework */,
			);
			name = Frameworks;
			sourceTree = "<group>";
		};
		CF9A39F1CDACD82D385F27A6 /* Pods */ = {
			isa = PBXGroup;
			children = (
				57712B1D6FB6C91918F34FF8 /* Pods-Flix.debug.xcconfig */,
				463333891201DC84328512C9 /* Pods-Flix.release.xcconfig */,
				34C98AA47DA6975AB08E5048 /* Pods-Flix-FlixUITests.debug.xcconfig */,
				45CF7AEA08C38BBAFA594BFC /* Pods-Flix-FlixUITests.release.xcconfig */,
				4EB41ADC0D09A0889AC4EE8E /* Pods-FlixTests.debug.xcconfig */,
				F81BF9310BFFE1A7355A0A16 /* Pods-FlixTests.release.xcconfig */,
			);
			path = Pods;
			sourceTree = "<group>";
		};
/* End PBXGroup section */

/* Begin PBXNativeTarget section */
		2FCC12DE24A3B766005F6194 /* Flix */ = {
			isa = PBXNativeTarget;
			buildConfigurationList = 2FCC130E24A3B767005F6194 /* Build configuration list for PBXNativeTarget "Flix" */;
			buildPhases = (
				9B4CA02A85CBC45EAEF88359 /* [CP] Check Pods Manifest.lock */,
				2FCC12DB24A3B766005F6194 /* Sources */,
				2FCC12DC24A3B766005F6194 /* Frameworks */,
				2FCC12DD24A3B766005F6194 /* Resources */,
				87035964B00A395822B711D7 /* [CP] Embed Pods Frameworks */,
			);
			buildRules = (
			);
			dependencies = (
			);
			name = Flix;
			productName = Flix;
			productReference = 2FCC12DF24A3B766005F6194 /* Flix.app */;
			productType = "com.apple.product-type.application";
		};
		2FCC12F924A3B767005F6194 /* FlixTests */ = {
			isa = PBXNativeTarget;
			buildConfigurationList = 2FCC131124A3B767005F6194 /* Build configuration list for PBXNativeTarget "FlixTests" */;
			buildPhases = (
				6F6DE810DEF3C392D2323B41 /* [CP] Check Pods Manifest.lock */,
				2FCC12F624A3B767005F6194 /* Sources */,
				2FCC12F724A3B767005F6194 /* Frameworks */,
				2FCC12F824A3B767005F6194 /* Resources */,
			);
			buildRules = (
			);
			dependencies = (
				2FCC12FC24A3B767005F6194 /* PBXTargetDependency */,
			);
			name = FlixTests;
			productName = FlixTests;
			productReference = 2FCC12FA24A3B767005F6194 /* FlixTests.xctest */;
			productType = "com.apple.product-type.bundle.unit-test";
		};
		2FCC130424A3B767005F6194 /* FlixUITests */ = {
			isa = PBXNativeTarget;
			buildConfigurationList = 2FCC131424A3B767005F6194 /* Build configuration list for PBXNativeTarget "FlixUITests" */;
			buildPhases = (
				FAC05980CABCD71F15520D8B /* [CP] Check Pods Manifest.lock */,
				2FCC130124A3B767005F6194 /* Sources */,
				2FCC130224A3B767005F6194 /* Frameworks */,
				2FCC130324A3B767005F6194 /* Resources */,
				7F3931A50C6C35A25048D0AA /* [CP] Embed Pods Frameworks */,
			);
			buildRules = (
			);
			dependencies = (
				2FCC130724A3B767005F6194 /* PBXTargetDependency */,
			);
			name = FlixUITests;
			productName = FlixUITests;
			productReference = 2FCC130524A3B767005F6194 /* FlixUITests.xctest */;
			productType = "com.apple.product-type.bundle.ui-testing";
		};
/* End PBXNativeTarget section */

/* Begin PBXProject section */
		2FCC12D724A3B766005F6194 /* Project object */ = {
			isa = PBXProject;
			attributes = {
				LastUpgradeCheck = 1150;
				ORGANIZATIONNAME = "Brian Sanchez";
				TargetAttributes = {
					2FCC12DE24A3B766005F6194 = {
						CreatedOnToolsVersion = 11.5;
					};
					2FCC12F924A3B767005F6194 = {
						CreatedOnToolsVersion = 11.5;
						TestTargetID = 2FCC12DE24A3B766005F6194;
					};
					2FCC130424A3B767005F6194 = {
						CreatedOnToolsVersion = 11.5;
						TestTargetID = 2FCC12DE24A3B766005F6194;
					};
				};
			};
			buildConfigurationList = 2FCC12DA24A3B766005F6194 /* Build configuration list for PBXProject "Flix" */;
			compatibilityVersion = "Xcode 9.3";
			developmentRegion = en;
			hasScannedForEncodings = 0;
			knownRegions = (
				en,
				Base,
			);
			mainGroup = 2FCC12D624A3B766005F6194;
			productRefGroup = 2FCC12E024A3B766005F6194 /* Products */;
			projectDirPath = "";
			projectRoot = "";
			targets = (
				2FCC12DE24A3B766005F6194 /* Flix */,
				2FCC12F924A3B767005F6194 /* FlixTests */,
				2FCC130424A3B767005F6194 /* FlixUITests */,
			);
		};
/* End PBXProject section */

/* Begin PBXResourcesBuildPhase section */
		2FCC12DD24A3B766005F6194 /* Resources */ = {
			isa = PBXResourcesBuildPhase;
			buildActionMask = 2147483647;
			files = (
				2FCC12F224A3B767005F6194 /* LaunchScreen.storyboard in Resources */,
				2FCC12EF24A3B767005F6194 /* Assets.xcassets in Resources */,
				2FCC12ED24A3B766005F6194 /* Main.storyboard in Resources */,
			);
			runOnlyForDeploymentPostprocessing = 0;
		};
		2FCC12F824A3B767005F6194 /* Resources */ = {
			isa = PBXResourcesBuildPhase;
			buildActionMask = 2147483647;
			files = (
			);
			runOnlyForDeploymentPostprocessing = 0;
		};
		2FCC130324A3B767005F6194 /* Resources */ = {
			isa = PBXResourcesBuildPhase;
			buildActionMask = 2147483647;
			files = (
			);
			runOnlyForDeploymentPostprocessing = 0;
		};
/* End PBXResourcesBuildPhase section */

/* Begin PBXShellScriptBuildPhase section */
		6F6DE810DEF3C392D2323B41 /* [CP] Check Pods Manifest.lock */ = {
			isa = PBXShellScriptBuildPhase;
			buildActionMask = 2147483647;
			files = (
			);
			inputFileListPaths = (
			);
			inputPaths = (
				"${PODS_PODFILE_DIR_PATH}/Podfile.lock",
				"${PODS_ROOT}/Manifest.lock",
			);
			name = "[CP] Check Pods Manifest.lock";
			outputFileListPaths = (
			);
			outputPaths = (
				"$(DERIVED_FILE_DIR)/Pods-FlixTests-checkManifestLockResult.txt",
			);
			runOnlyForDeploymentPostprocessing = 0;
			shellPath = /bin/sh;
			shellScript = "diff \"${PODS_PODFILE_DIR_PATH}/Podfile.lock\" \"${PODS_ROOT}/Manifest.lock\" > /dev/null\nif [ $? != 0 ] ; then\n    # print error to STDERR\n    echo \"error: The sandbox is not in sync with the Podfile.lock. Run 'pod install' or update your CocoaPods installation.\" >&2\n    exit 1\nfi\n# This output is used by Xcode 'outputs' to avoid re-running this script phase.\necho \"SUCCESS\" > \"${SCRIPT_OUTPUT_FILE_0}\"\n";
			showEnvVarsInLog = 0;
		};
		7F3931A50C6C35A25048D0AA /* [CP] Embed Pods Frameworks */ = {
			isa = PBXShellScriptBuildPhase;
			buildActionMask = 2147483647;
			files = (
			);
			inputFileListPaths = (
				"${PODS_ROOT}/Target Support Files/Pods-Flix-FlixUITests/Pods-Flix-FlixUITests-frameworks-${CONFIGURATION}-input-files.xcfilelist",
			);
			name = "[CP] Embed Pods Frameworks";
			outputFileListPaths = (
				"${PODS_ROOT}/Target Support Files/Pods-Flix-FlixUITests/Pods-Flix-FlixUITests-frameworks-${CONFIGURATION}-output-files.xcfilelist",
			);
			runOnlyForDeploymentPostprocessing = 0;
			shellPath = /bin/sh;
			shellScript = "\"${PODS_ROOT}/Target Support Files/Pods-Flix-FlixUITests/Pods-Flix-FlixUITests-frameworks.sh\"\n";
			showEnvVarsInLog = 0;
		};
		87035964B00A395822B711D7 /* [CP] Embed Pods Frameworks */ = {
			isa = PBXShellScriptBuildPhase;
			buildActionMask = 2147483647;
			files = (
			);
			inputFileListPaths = (
				"${PODS_ROOT}/Target Support Files/Pods-Flix/Pods-Flix-frameworks-${CONFIGURATION}-input-files.xcfilelist",
			);
			name = "[CP] Embed Pods Frameworks";
			outputFileListPaths = (
				"${PODS_ROOT}/Target Support Files/Pods-Flix/Pods-Flix-frameworks-${CONFIGURATION}-output-files.xcfilelist",
			);
			runOnlyForDeploymentPostprocessing = 0;
			shellPath = /bin/sh;
			shellScript = "\"${PODS_ROOT}/Target Support Files/Pods-Flix/Pods-Flix-frameworks.sh\"\n";
			showEnvVarsInLog = 0;
		};
		9B4CA02A85CBC45EAEF88359 /* [CP] Check Pods Manifest.lock */ = {
			isa = PBXShellScriptBuildPhase;
			buildActionMask = 2147483647;
			files = (
			);
			inputFileListPaths = (
			);
			inputPaths = (
				"${PODS_PODFILE_DIR_PATH}/Podfile.lock",
				"${PODS_ROOT}/Manifest.lock",
			);
			name = "[CP] Check Pods Manifest.lock";
			outputFileListPaths = (
			);
			outputPaths = (
				"$(DERIVED_FILE_DIR)/Pods-Flix-checkManifestLockResult.txt",
			);
			runOnlyForDeploymentPostprocessing = 0;
			shellPath = /bin/sh;
			shellScript = "diff \"${PODS_PODFILE_DIR_PATH}/Podfile.lock\" \"${PODS_ROOT}/Manifest.lock\" > /dev/null\nif [ $? != 0 ] ; then\n    # print error to STDERR\n    echo \"error: The sandbox is not in sync with the Podfile.lock. Run 'pod install' or update your CocoaPods installation.\" >&2\n    exit 1\nfi\n# This output is used by Xcode 'outputs' to avoid re-running this script phase.\necho \"SUCCESS\" > \"${SCRIPT_OUTPUT_FILE_0}\"\n";
			showEnvVarsInLog = 0;
		};
		FAC05980CABCD71F15520D8B /* [CP] Check Pods Manifest.lock */ = {
			isa = PBXShellScriptBuildPhase;
			buildActionMask = 2147483647;
			files = (
			);
			inputFileListPaths = (
			);
			inputPaths = (
				"${PODS_PODFILE_DIR_PATH}/Podfile.lock",
				"${PODS_ROOT}/Manifest.lock",
			);
			name = "[CP] Check Pods Manifest.lock";
			outputFileListPaths = (
			);
			outputPaths = (
				"$(DERIVED_FILE_DIR)/Pods-Flix-FlixUITests-checkManifestLockResult.txt",
			);
			runOnlyForDeploymentPostprocessing = 0;
			shellPath = /bin/sh;
			shellScript = "diff \"${PODS_PODFILE_DIR_PATH}/Podfile.lock\" \"${PODS_ROOT}/Manifest.lock\" > /dev/null\nif [ $? != 0 ] ; then\n    # print error to STDERR\n    echo \"error: The sandbox is not in sync with the Podfile.lock. Run 'pod install' or update your CocoaPods installation.\" >&2\n    exit 1\nfi\n# This output is used by Xcode 'outputs' to avoid re-running this script phase.\necho \"SUCCESS\" > \"${SCRIPT_OUTPUT_FILE_0}\"\n";
			showEnvVarsInLog = 0;
		};
/* End PBXShellScriptBuildPhase section */

/* Begin PBXSourcesBuildPhase section */
		2FCC12DB24A3B766005F6194 /* Sources */ = {
			isa = PBXSourcesBuildPhase;
			buildActionMask = 2147483647;
			files = (
				2FCC12E424A3B766005F6194 /* AppDelegate.m in Sources */,
				2FCC131F24A3EA03005F6194 /* MovieCell.m in Sources */,
				2FCC131924A3C070005F6194 /* MoviesViewController.m in Sources */,
				2FCC137424A53C2B005F6194 /* MovieCollectionViewCell.m in Sources */,
				2FCC132224A3FAE4005F6194 /* DetailsViewController.m in Sources */,
				2FCC12F524A3B767005F6194 /* main.m in Sources */,
				2FCC12E724A3B766005F6194 /* SceneDelegate.m in Sources */,
				2FCC137124A539CD005F6194 /* MoviesGridViewController.m in Sources */,
			);
			runOnlyForDeploymentPostprocessing = 0;
		};
		2FCC12F624A3B767005F6194 /* Sources */ = {
			isa = PBXSourcesBuildPhase;
			buildActionMask = 2147483647;
			files = (
				2FCC12FF24A3B767005F6194 /* FlixTests.m in Sources */,
			);
			runOnlyForDeploymentPostprocessing = 0;
		};
		2FCC130124A3B767005F6194 /* Sources */ = {
			isa = PBXSourcesBuildPhase;
			buildActionMask = 2147483647;
			files = (
				2FCC130A24A3B767005F6194 /* FlixUITests.m in Sources */,
			);
			runOnlyForDeploymentPostprocessing = 0;
		};
/* End PBXSourcesBuildPhase section */

/* Begin PBXTargetDependency section */
		2FCC12FC24A3B767005F6194 /* PBXTargetDependency */ = {
			isa = PBXTargetDependency;
			target = 2FCC12DE24A3B766005F6194 /* Flix */;
			targetProxy = 2FCC12FB24A3B767005F6194 /* PBXContainerItemProxy */;
		};
		2FCC130724A3B767005F6194 /* PBXTargetDependency */ = {
			isa = PBXTargetDependency;
			target = 2FCC12DE24A3B766005F6194 /* Flix */;
			targetProxy = 2FCC130624A3B767005F6194 /* PBXContainerItemProxy */;
		};
/* End PBXTargetDependency section */

/* Begin PBXVariantGroup section */
		2FCC12EB24A3B766005F6194 /* Main.storyboard */ = {
			isa = PBXVariantGroup;
			children = (
				2FCC12EC24A3B766005F6194 /* Base */,
			);
			name = Main.storyboard;
			sourceTree = "<group>";
		};
		2FCC12F024A3B767005F6194 /* LaunchScreen.storyboard */ = {
			isa = PBXVariantGroup;
			children = (
				2FCC12F124A3B767005F6194 /* Base */,
			);
			name = LaunchScreen.storyboard;
			sourceTree = "<group>";
		};
/* End PBXVariantGroup section */

/* Begin XCBuildConfiguration section */
		2FCC130C24A3B767005F6194 /* Debug */ = {
			isa = XCBuildConfiguration;
			buildSettings = {
				ALWAYS_SEARCH_USER_PATHS = NO;
				CLANG_ANALYZER_NONNULL = YES;
				CLANG_ANALYZER_NUMBER_OBJECT_CONVERSION = YES_AGGRESSIVE;
				CLANG_CXX_LANGUAGE_STANDARD = "gnu++14";
				CLANG_CXX_LIBRARY = "libc++";
				CLANG_ENABLE_MODULES = YES;
				CLANG_ENABLE_OBJC_ARC = YES;
				CLANG_ENABLE_OBJC_WEAK = YES;
				CLANG_WARN_BLOCK_CAPTURE_AUTORELEASING = YES;
				CLANG_WARN_BOOL_CONVERSION = YES;
				CLANG_WARN_COMMA = YES;
				CLANG_WARN_CONSTANT_CONVERSION = YES;
				CLANG_WARN_DEPRECATED_OBJC_IMPLEMENTATIONS = YES;
				CLANG_WARN_DIRECT_OBJC_ISA_USAGE = YES_ERROR;
				CLANG_WARN_DOCUMENTATION_COMMENTS = YES;
				CLANG_WARN_EMPTY_BODY = YES;
				CLANG_WARN_ENUM_CONVERSION = YES;
				CLANG_WARN_INFINITE_RECURSION = YES;
				CLANG_WARN_INT_CONVERSION = YES;
				CLANG_WARN_NON_LITERAL_NULL_CONVERSION = YES;
				CLANG_WARN_OBJC_IMPLICIT_RETAIN_SELF = YES;
				CLANG_WARN_OBJC_LITERAL_CONVERSION = YES;
				CLANG_WARN_OBJC_ROOT_CLASS = YES_ERROR;
				CLANG_WARN_RANGE_LOOP_ANALYSIS = YES;
				CLANG_WARN_STRICT_PROTOTYPES = YES;
				CLANG_WARN_SUSPICIOUS_MOVE = YES;
				CLANG_WARN_UNGUARDED_AVAILABILITY = YES_AGGRESSIVE;
				CLANG_WARN_UNREACHABLE_CODE = YES;
				CLANG_WARN__DUPLICATE_METHOD_MATCH = YES;
				COPY_PHASE_STRIP = NO;
				DEBUG_INFORMATION_FORMAT = dwarf;
				ENABLE_STRICT_OBJC_MSGSEND = YES;
				ENABLE_TESTABILITY = YES;
				GCC_C_LANGUAGE_STANDARD = gnu11;
				GCC_DYNAMIC_NO_PIC = NO;
				GCC_NO_COMMON_BLOCKS = YES;
				GCC_OPTIMIZATION_LEVEL = 0;
				GCC_PREPROCESSOR_DEFINITIONS = (
					"DEBUG=1",
					"$(inherited)",
				);
				GCC_WARN_64_TO_32_BIT_CONVERSION = YES;
				GCC_WARN_ABOUT_RETURN_TYPE = YES_ERROR;
				GCC_WARN_UNDECLARED_SELECTOR = YES;
				GCC_WARN_UNINITIALIZED_AUTOS = YES_AGGRESSIVE;
				GCC_WARN_UNUSED_FUNCTION = YES;
				GCC_WARN_UNUSED_VARIABLE = YES;
				IPHONEOS_DEPLOYMENT_TARGET = 13.5;
				MTL_ENABLE_DEBUG_INFO = INCLUDE_SOURCE;
				MTL_FAST_MATH = YES;
				ONLY_ACTIVE_ARCH = YES;
				SDKROOT = iphoneos;
			};
			name = Debug;
		};
		2FCC130D24A3B767005F6194 /* Release */ = {
			isa = XCBuildConfiguration;
			buildSettings = {
				ALWAYS_SEARCH_USER_PATHS = NO;
				CLANG_ANALYZER_NONNULL = YES;
				CLANG_ANALYZER_NUMBER_OBJECT_CONVERSION = YES_AGGRESSIVE;
				CLANG_CXX_LANGUAGE_STANDARD = "gnu++14";
				CLANG_CXX_LIBRARY = "libc++";
				CLANG_ENABLE_MODULES = YES;
				CLANG_ENABLE_OBJC_ARC = YES;
				CLANG_ENABLE_OBJC_WEAK = YES;
				CLANG_WARN_BLOCK_CAPTURE_AUTORELEASING = YES;
				CLANG_WARN_BOOL_CONVERSION = YES;
				CLANG_WARN_COMMA = YES;
				CLANG_WARN_CONSTANT_CONVERSION = YES;
				CLANG_WARN_DEPRECATED_OBJC_IMPLEMENTATIONS = YES;
				CLANG_WARN_DIRECT_OBJC_ISA_USAGE = YES_ERROR;
				CLANG_WARN_DOCUMENTATION_COMMENTS = YES;
				CLANG_WARN_EMPTY_BODY = YES;
				CLANG_WARN_ENUM_CONVERSION = YES;
				CLANG_WARN_INFINITE_RECURSION = YES;
				CLANG_WARN_INT_CONVERSION = YES;
				CLANG_WARN_NON_LITERAL_NULL_CONVERSION = YES;
				CLANG_WARN_OBJC_IMPLICIT_RETAIN_SELF = YES;
				CLANG_WARN_OBJC_LITERAL_CONVERSION = YES;
				CLANG_WARN_OBJC_ROOT_CLASS = YES_ERROR;
				CLANG_WARN_RANGE_LOOP_ANALYSIS = YES;
				CLANG_WARN_STRICT_PROTOTYPES = YES;
				CLANG_WARN_SUSPICIOUS_MOVE = YES;
				CLANG_WARN_UNGUARDED_AVAILABILITY = YES_AGGRESSIVE;
				CLANG_WARN_UNREACHABLE_CODE = YES;
				CLANG_WARN__DUPLICATE_METHOD_MATCH = YES;
				COPY_PHASE_STRIP = NO;
				DEBUG_INFORMATION_FORMAT = "dwarf-with-dsym";
				ENABLE_NS_ASSERTIONS = NO;
				ENABLE_STRICT_OBJC_MSGSEND = YES;
				GCC_C_LANGUAGE_STANDARD = gnu11;
				GCC_NO_COMMON_BLOCKS = YES;
				GCC_WARN_64_TO_32_BIT_CONVERSION = YES;
				GCC_WARN_ABOUT_RETURN_TYPE = YES_ERROR;
				GCC_WARN_UNDECLARED_SELECTOR = YES;
				GCC_WARN_UNINITIALIZED_AUTOS = YES_AGGRESSIVE;
				GCC_WARN_UNUSED_FUNCTION = YES;
				GCC_WARN_UNUSED_VARIABLE = YES;
				IPHONEOS_DEPLOYMENT_TARGET = 13.5;
				MTL_ENABLE_DEBUG_INFO = NO;
				MTL_FAST_MATH = YES;
				SDKROOT = iphoneos;
				VALIDATE_PRODUCT = YES;
			};
			name = Release;
		};
		2FCC130F24A3B767005F6194 /* Debug */ = {
			isa = XCBuildConfiguration;
			baseConfigurationReference = 57712B1D6FB6C91918F34FF8 /* Pods-Flix.debug.xcconfig */;
			buildSettings = {
				ASSETCATALOG_COMPILER_APPICON_NAME = AppIcon;
				CODE_SIGN_STYLE = Automatic;
				INFOPLIST_FILE = Flix/Info.plist;
				LD_RUNPATH_SEARCH_PATHS = (
					"$(inherited)",
					"@executable_path/Frameworks",
				);
				PRODUCT_BUNDLE_IDENTIFIER = com.brian36.Flix;
				PRODUCT_NAME = "$(TARGET_NAME)";
				TARGETED_DEVICE_FAMILY = "1,2";
			};
			name = Debug;
		};
		2FCC131024A3B767005F6194 /* Release */ = {
			isa = XCBuildConfiguration;
			baseConfigurationReference = 463333891201DC84328512C9 /* Pods-Flix.release.xcconfig */;
			buildSettings = {
				ASSETCATALOG_COMPILER_APPICON_NAME = AppIcon;
				CODE_SIGN_STYLE = Automatic;
				INFOPLIST_FILE = Flix/Info.plist;
				LD_RUNPATH_SEARCH_PATHS = (
					"$(inherited)",
					"@executable_path/Frameworks",
				);
				PRODUCT_BUNDLE_IDENTIFIER = com.brian36.Flix;
				PRODUCT_NAME = "$(TARGET_NAME)";
				TARGETED_DEVICE_FAMILY = "1,2";
			};
			name = Release;
		};
		2FCC131224A3B767005F6194 /* Debug */ = {
			isa = XCBuildConfiguration;
			baseConfigurationReference = 4EB41ADC0D09A0889AC4EE8E /* Pods-FlixTests.debug.xcconfig */;
			buildSettings = {
				BUNDLE_LOADER = "$(TEST_HOST)";
				CODE_SIGN_STYLE = Automatic;
				INFOPLIST_FILE = FlixTests/Info.plist;
				IPHONEOS_DEPLOYMENT_TARGET = 13.5;
				LD_RUNPATH_SEARCH_PATHS = (
					"$(inherited)",
					"@executable_path/Frameworks",
					"@loader_path/Frameworks",
				);
				PRODUCT_BUNDLE_IDENTIFIER = com.brian36.FlixTests;
				PRODUCT_NAME = "$(TARGET_NAME)";
				TARGETED_DEVICE_FAMILY = "1,2";
				TEST_HOST = "$(BUILT_PRODUCTS_DIR)/Flix.app/Flix";
			};
			name = Debug;
		};
		2FCC131324A3B767005F6194 /* Release */ = {
			isa = XCBuildConfiguration;
			baseConfigurationReference = F81BF9310BFFE1A7355A0A16 /* Pods-FlixTests.release.xcconfig */;
			buildSettings = {
				BUNDLE_LOADER = "$(TEST_HOST)";
				CODE_SIGN_STYLE = Automatic;
				INFOPLIST_FILE = FlixTests/Info.plist;
				IPHONEOS_DEPLOYMENT_TARGET = 13.5;
				LD_RUNPATH_SEARCH_PATHS = (
					"$(inherited)",
					"@executable_path/Frameworks",
					"@loader_path/Frameworks",
				);
				PRODUCT_BUNDLE_IDENTIFIER = com.brian36.FlixTests;
				PRODUCT_NAME = "$(TARGET_NAME)";
				TARGETED_DEVICE_FAMILY = "1,2";
				TEST_HOST = "$(BUILT_PRODUCTS_DIR)/Flix.app/Flix";
			};
			name = Release;
		};
		2FCC131524A3B767005F6194 /* Debug */ = {
			isa = XCBuildConfiguration;
			baseConfigurationReference = 34C98AA47DA6975AB08E5048 /* Pods-Flix-FlixUITests.debug.xcconfig */;
			buildSettings = {
				CODE_SIGN_STYLE = Automatic;
				INFOPLIST_FILE = FlixUITests/Info.plist;
				LD_RUNPATH_SEARCH_PATHS = (
					"$(inherited)",
					"@executable_path/Frameworks",
					"@loader_path/Frameworks",
				);
				PRODUCT_BUNDLE_IDENTIFIER = com.brian36.FlixUITests;
				PRODUCT_NAME = "$(TARGET_NAME)";
				TARGETED_DEVICE_FAMILY = "1,2";
				TEST_TARGET_NAME = Flix;
			};
			name = Debug;
		};
		2FCC131624A3B767005F6194 /* Release */ = {
			isa = XCBuildConfiguration;
			baseConfigurationReference = 45CF7AEA08C38BBAFA594BFC /* Pods-Flix-FlixUITests.release.xcconfig */;
			buildSettings = {
				CODE_SIGN_STYLE = Automatic;
				INFOPLIST_FILE = FlixUITests/Info.plist;
				LD_RUNPATH_SEARCH_PATHS = (
					"$(inherited)",
					"@executable_path/Frameworks",
					"@loader_path/Frameworks",
				);
				PRODUCT_BUNDLE_IDENTIFIER = com.brian36.FlixUITests;
				PRODUCT_NAME = "$(TARGET_NAME)";
				TARGETED_DEVICE_FAMILY = "1,2";
				TEST_TARGET_NAME = Flix;
			};
			name = Release;
		};
/* End XCBuildConfiguration section */

/* Begin XCConfigurationList section */
		2FCC12DA24A3B766005F6194 /* Build configuration list for PBXProject "Flix" */ = {
			isa = XCConfigurationList;
			buildConfigurations = (
				2FCC130C24A3B767005F6194 /* Debug */,
				2FCC130D24A3B767005F6194 /* Release */,
			);
			defaultConfigurationIsVisible = 0;
			defaultConfigurationName = Release;
		};
		2FCC130E24A3B767005F6194 /* Build configuration list for PBXNativeTarget "Flix" */ = {
			isa = XCConfigurationList;
			buildConfigurations = (
				2FCC130F24A3B767005F6194 /* Debug */,
				2FCC131024A3B767005F6194 /* Release */,
			);
			defaultConfigurationIsVisible = 0;
			defaultConfigurationName = Release;
		};
		2FCC131124A3B767005F6194 /* Build configuration list for PBXNativeTarget "FlixTests" */ = {
			isa = XCConfigurationList;
			buildConfigurations = (
				2FCC131224A3B767005F6194 /* Debug */,
				2FCC131324A3B767005F6194 /* Release */,
			);
			defaultConfigurationIsVisible = 0;
			defaultConfigurationName = Release;
		};
		2FCC131424A3B767005F6194 /* Build configuration list for PBXNativeTarget "FlixUITests" */ = {
			isa = XCConfigurationList;
			buildConfigurations = (
				2FCC131524A3B767005F6194 /* Debug */,
				2FCC131624A3B767005F6194 /* Release */,
			);
			defaultConfigurationIsVisible = 0;
			defaultConfigurationName = Release;
		};
/* End XCConfigurationList section */
	};
	rootObject = 2FCC12D724A3B766005F6194 /* Project object */;
}
